PODS:
  - cryptography_flutter_plus (0.2.0):
    - FlutterMacOS
  - FlutterMacOS (1.0.0)

DEPENDENCIES:
  - cryptography_flutter_plus (from `Flutter/ephemeral/.symlinks/plugins/cryptography_flutter_plus/macos`)
  - FlutterMacOS (from `Flutter/ephemeral`)

EXTERNAL SOURCES:
  cryptography_flutter_plus:
    :path: Flutter/ephemeral/.symlinks/plugins/cryptography_flutter_plus/macos
  FlutterMacOS:
    :path: Flutter/ephemeral

SPEC CHECKSUMS:
  cryptography_flutter_plus: 7c6e0d0f08664499a2c5402aa7cbcca07f2a7130
  FlutterMacOS: d0db08ddef1a9af05a5ec4b724367152bb0500b1

PODFILE CHECKSUM: 54d867c82ac51cbd61b565781b9fada492027009

COCOAPODS: 1.16.2
