PODS:
  - cryptography_flutter (0.1.0):
    - Flutter
  - e2e (0.0.1):
    - Flutter
  - Flutter (1.0.0)

DEPENDENCIES:
  - cryptography_flutter (from `.symlinks/plugins/cryptography_flutter/ios`)
  - e2e (from `.symlinks/plugins/e2e/ios`)
  - Flutter (from `Flutter`)

EXTERNAL SOURCES:
  cryptography_flutter:
    :path: ".symlinks/plugins/cryptography_flutter/ios"
  e2e:
    :path: ".symlinks/plugins/e2e/ios"
  Flutter:
    :path: Flutter

SPEC CHECKSUMS:
  cryptography_flutter: a2c541ba25ff28549f989f856dde126c961defcd
  e2e: d0c9f8c832b4cc7ab386d0c0f0af67fe5ac0c3bd
  Flutter: 0e3d915762c693b495b44d77113d4970485de6ec

PODFILE CHECKSUM: c34e2287a9ccaa606aeceab922830efb9a6ff69a

COCOAPODS: 1.9.1
